// !$*UTF8*$!
{
	archiveVersion = 1;
	classes = {
	};
	objectVersion = 46;
	objects = {

/* Begin PBXBuildFile section */
		227BB45518C6440F0029C48A /* Cocoa.framework in Frameworks */ = {isa = PBXBuildFile; fileRef = 227BB45418C6440F0029C48A /* Cocoa.framework */; };
		227BB45718C6440F0029C48A /* ScreenSaver.framework in Frameworks */ = {isa = PBXBuildFile; fileRef = 227BB45618C6440F0029C48A /* ScreenSaver.framework */; };
		227BB46118C6440F0029C48A /* InfoPlist.strings in Resources */ = {isa = PBXBuildFile; fileRef = 227BB45F18C6440F0029C48A /* InfoPlist.strings */; };
		227BB46518C6440F0029C48A /* WordsOnPicturesView.m in Sources */ = {isa = PBXBuildFile; fileRef = 227BB46418C6440F0029C48A /* WordsOnPicturesView.m */; };
		227BB47318C64F360029C48A /* WPUnixWordsStringSource.h in Headers */ = {isa = PBXBuildFile; fileRef = 227BB47118C64F360029C48A /* WPUnixWordsStringSource.h */; };
		227BB47418C64F360029C48A /* WPUnixWordsStringSource.m in Sources */ = {isa = PBXBuildFile; fileRef = 227BB47218C64F360029C48A /* WPUnixWordsStringSource.m */; };
		227BB47718C652AA0029C48A /* WordsOnPictures.saver in CopyFiles */ = {isa = PBXBuildFile; fileRef = 227BB45118C6440F0029C48A /* WordsOnPictures.saver */; };
		227BB47918C68CA00029C48A /* CoreText.framework in Frameworks */ = {isa = PBXBuildFile; fileRef = 227BB47818C68CA00029C48A /* CoreText.framework */; };
		227BB47C18C692600029C48A /* util.m in Sources */ = {isa = PBXBuildFile; fileRef = 227BB47B18C692600029C48A /* util.m */; };
		227BB48018C73C770029C48A /* WPHorseEbooksStringSource.h in Headers */ = {isa = PBXBuildFile; fileRef = 227BB47E18C73C770029C48A /* WPHorseEbooksStringSource.h */; };
		227BB48118C73C770029C48A /* WPHorseEbooksStringSource.m in Sources */ = {isa = PBXBuildFile; fileRef = 227BB47F18C73C770029C48A /* WPHorseEbooksStringSource.m */; };
		227BB48A18C75ECC0029C48A /* WPPornSearchesStringSource.h in Headers */ = {isa = PBXBuildFile; fileRef = 227BB48818C75ECC0029C48A /* WPPornSearchesStringSource.h */; };
		227BB48B18C75ECC0029C48A /* WPPornSearchesStringSource.m in Sources */ = {isa = PBXBuildFile; fileRef = 227BB48918C75ECC0029C48A /* WPPornSearchesStringSource.m */; };
		227BB48E18C765FC0029C48A /* WPWallbaseBackgroundSource.h in Headers */ = {isa = PBXBuildFile; fileRef = 227BB48C18C765FC0029C48A /* WPWallbaseBackgroundSource.h */; };
		227BB48F18C765FC0029C48A /* WPWallbaseBackgroundSource.m in Sources */ = {isa = PBXBuildFile; fileRef = 227BB48D18C765FC0029C48A /* WPWallbaseBackgroundSource.m */; };
		335D061D9EA646E6B37B181B /* libPods-WordsOnPictures.a in Frameworks */ = {isa = PBXBuildFile; fileRef = 3C868302C29C45EEA0A8F017 /* libPods-WordsOnPictures.a */; };
/* End PBXBuildFile section */

/* Begin PBXCopyFilesBuildPhase section */
		227BB47618C651350029C48A /* CopyFiles */ = {
			isa = PBXCopyFilesBuildPhase;
			buildActionMask = 2147483647;
			dstPath = "~/Library/Screen Savers";
			dstSubfolderSpec = 0;
			files = (
				227BB47718C652AA0029C48A /* WordsOnPictures.saver in CopyFiles */,
			);
			runOnlyForDeploymentPostprocessing = 0;
		};
/* End PBXCopyFilesBuildPhase section */

/* Begin PBXFileReference section */
		0F11AF39511C4574A3ED8246 /* Pods-WordsOnPictures.xcconfig */ = {isa = PBXFileReference; includeInIndex = 1; lastKnownFileType = text.xcconfig; name = "Pods-WordsOnPictures.xcconfig"; path = "Pods/Pods-WordsOnPictures.xcconfig"; sourceTree = "<group>"; };
		227BB45118C6440F0029C48A /* WordsOnPictures.saver */ = {isa = PBXFileReference; explicitFileType = wrapper.cfbundle; includeInIndex = 0; path = WordsOnPictures.saver; sourceTree = BUILT_PRODUCTS_DIR; };
		227BB45418C6440F0029C48A /* Cocoa.framework */ = {isa = PBXFileReference; lastKnownFileType = wrapper.framework; name = Cocoa.framework; path = System/Library/Frameworks/Cocoa.framework; sourceTree = SDKROOT; };
		227BB45618C6440F0029C48A /* ScreenSaver.framework */ = {isa = PBXFileReference; lastKnownFileType = wrapper.framework; name = ScreenSaver.framework; path = System/Library/Frameworks/ScreenSaver.framework; sourceTree = SDKROOT; };
		227BB45918C6440F0029C48A /* AppKit.framework */ = {isa = PBXFileReference; lastKnownFileType = wrapper.framework; name = AppKit.framework; path = System/Library/Frameworks/AppKit.framework; sourceTree = SDKROOT; };
		227BB45A18C6440F0029C48A /* CoreData.framework */ = {isa = PBXFileReference; lastKnownFileType = wrapper.framework; name = CoreData.framework; path = System/Library/Frameworks/CoreData.framework; sourceTree = SDKROOT; };
		227BB45B18C6440F0029C48A /* Foundation.framework */ = {isa = PBXFileReference; lastKnownFileType = wrapper.framework; name = Foundation.framework; path = System/Library/Frameworks/Foundation.framework; sourceTree = SDKROOT; };
		227BB45E18C6440F0029C48A /* WordsOnPictures-Info.plist */ = {isa = PBXFileReference; lastKnownFileType = text.plist.xml; path = "WordsOnPictures-Info.plist"; sourceTree = "<group>"; };
		227BB46018C6440F0029C48A /* en */ = {isa = PBXFileReference; lastKnownFileType = text.plist.strings; name = en; path = en.lproj/InfoPlist.strings; sourceTree = "<group>"; };
		227BB46218C6440F0029C48A /* WordsOnPictures-Prefix.pch */ = {isa = PBXFileReference; lastKnownFileType = sourcecode.c.h; path = "WordsOnPictures-Prefix.pch"; sourceTree = "<group>"; };
		227BB46318C6440F0029C48A /* WordsOnPicturesView.h */ = {isa = PBXFileReference; lastKnownFileType = sourcecode.c.h; path = WordsOnPicturesView.h; sourceTree = "<group>"; };
		227BB46418C6440F0029C48A /* WordsOnPicturesView.m */ = {isa = PBXFileReference; lastKnownFileType = sourcecode.c.objc; path = WordsOnPicturesView.m; sourceTree = "<group>"; };
		227BB46C18C64DF50029C48A /* WPStringSource.h */ = {isa = PBXFileReference; lastKnownFileType = sourcecode.c.h; path = WPStringSource.h; sourceTree = "<group>"; };
		227BB47118C64F360029C48A /* WPUnixWordsStringSource.h */ = {isa = PBXFileReference; fileEncoding = 4; lastKnownFileType = sourcecode.c.h; path = WPUnixWordsStringSource.h; sourceTree = "<group>"; };
		227BB47218C64F360029C48A /* WPUnixWordsStringSource.m */ = {isa = PBXFileReference; fileEncoding = 4; lastKnownFileType = sourcecode.c.objc; path = WPUnixWordsStringSource.m; sourceTree = "<group>"; };
		227BB47818C68CA00029C48A /* CoreText.framework */ = {isa = PBXFileReference; lastKnownFileType = wrapper.framework; name = CoreText.framework; path = System/Library/Frameworks/CoreText.framework; sourceTree = SDKROOT; };
		227BB47A18C68F530029C48A /* util.h */ = {isa = PBXFileReference; lastKnownFileType = sourcecode.c.h; path = util.h; sourceTree = "<group>"; };
		227BB47B18C692600029C48A /* util.m */ = {isa = PBXFileReference; fileEncoding = 4; lastKnownFileType = sourcecode.c.objc; path = util.m; sourceTree = "<group>"; };
		227BB47E18C73C770029C48A /* WPHorseEbooksStringSource.h */ = {isa = PBXFileReference; fileEncoding = 4; lastKnownFileType = sourcecode.c.h; path = WPHorseEbooksStringSource.h; sourceTree = "<group>"; };
		227BB47F18C73C770029C48A /* WPHorseEbooksStringSource.m */ = {isa = PBXFileReference; fileEncoding = 4; lastKnownFileType = sourcecode.c.objc; path = WPHorseEbooksStringSource.m; sourceTree = "<group>"; };
		227BB48718C753450029C48A /* WPBackgroundSource.h */ = {isa = PBXFileReference; lastKnownFileType = sourcecode.c.h; path = WPBackgroundSource.h; sourceTree = "<group>"; };
		227BB48818C75ECC0029C48A /* WPPornSearchesStringSource.h */ = {isa = PBXFileReference; fileEncoding = 4; lastKnownFileType = sourcecode.c.h; path = WPPornSearchesStringSource.h; sourceTree = "<group>"; };
		227BB48918C75ECC0029C48A /* WPPornSearchesStringSource.m */ = {isa = PBXFileReference; fileEncoding = 4; lastKnownFileType = sourcecode.c.objc; path = WPPornSearchesStringSource.m; sourceTree = "<group>"; };
		227BB48C18C765FC0029C48A /* WPWallbaseBackgroundSource.h */ = {isa = PBXFileReference; fileEncoding = 4; lastKnownFileType = sourcecode.c.h; path = WPWallbaseBackgroundSource.h; sourceTree = "<group>"; };
		227BB48D18C765FC0029C48A /* WPWallbaseBackgroundSource.m */ = {isa = PBXFileReference; fileEncoding = 4; lastKnownFileType = sourcecode.c.objc; path = WPWallbaseBackgroundSource.m; sourceTree = "<group>"; };
		3C868302C29C45EEA0A8F017 /* libPods-WordsOnPictures.a */ = {isa = PBXFileReference; explicitFileType = archive.ar; includeInIndex = 0; path = "libPods-WordsOnPictures.a"; sourceTree = BUILT_PRODUCTS_DIR; };
/* End PBXFileReference section */

/* Begin PBXFrameworksBuildPhase section */
		227BB44C18C6440F0029C48A /* Frameworks */ = {
			isa = PBXFrameworksBuildPhase;
			buildActionMask = 2147483647;
			files = (
				227BB47918C68CA00029C48A /* CoreText.framework in Frameworks */,
				227BB45718C6440F0029C48A /* ScreenSaver.framework in Frameworks */,
				227BB45518C6440F0029C48A /* Cocoa.framework in Frameworks */,
				335D061D9EA646E6B37B181B /* libPods-WordsOnPictures.a in Frameworks */,
			);
			runOnlyForDeploymentPostprocessing = 0;
		};
/* End PBXFrameworksBuildPhase section */

/* Begin PBXGroup section */
		227BB44618C6440F0029C48A = {
			isa = PBXGroup;
			children = (
				227BB45C18C6440F0029C48A /* WordsOnPictures */,
				227BB45318C6440F0029C48A /* Frameworks */,
				227BB45218C6440F0029C48A /* Products */,
				0F11AF39511C4574A3ED8246 /* Pods-WordsOnPictures.xcconfig */,
			);
			sourceTree = "<group>";
		};
		227BB45218C6440F0029C48A /* Products */ = {
			isa = PBXGroup;
			children = (
				227BB45118C6440F0029C48A /* WordsOnPictures.saver */,
			);
			name = Products;
			sourceTree = "<group>";
		};
		227BB45318C6440F0029C48A /* Frameworks */ = {
			isa = PBXGroup;
			children = (
				227BB47818C68CA00029C48A /* CoreText.framework */,
				227BB45418C6440F0029C48A /* Cocoa.framework */,
				227BB45618C6440F0029C48A /* ScreenSaver.framework */,
				227BB45818C6440F0029C48A /* Other Frameworks */,
				3C868302C29C45EEA0A8F017 /* libPods-WordsOnPictures.a */,
			);
			name = Frameworks;
			sourceTree = "<group>";
		};
		227BB45818C6440F0029C48A /* Other Frameworks */ = {
			isa = PBXGroup;
			children = (
				227BB45918C6440F0029C48A /* AppKit.framework */,
				227BB45A18C6440F0029C48A /* CoreData.framework */,
				227BB45B18C6440F0029C48A /* Foundation.framework */,
			);
			name = "Other Frameworks";
			sourceTree = "<group>";
		};
		227BB45C18C6440F0029C48A /* WordsOnPictures */ = {
			isa = PBXGroup;
			children = (
				227BB46318C6440F0029C48A /* WordsOnPicturesView.h */,
				227BB46418C6440F0029C48A /* WordsOnPicturesView.m */,
				227BB47A18C68F530029C48A /* util.h */,
				227BB47B18C692600029C48A /* util.m */,
				227BB46B18C64DDD0029C48A /* String Sources */,
				227BB47518C6505D0029C48A /* Background Sources */,
				227BB45D18C6440F0029C48A /* Supporting Files */,
			);
			path = WordsOnPictures;
			sourceTree = "<group>";
		};
		227BB45D18C6440F0029C48A /* Supporting Files */ = {
			isa = PBXGroup;
			children = (
				227BB45E18C6440F0029C48A /* WordsOnPictures-Info.plist */,
				227BB45F18C6440F0029C48A /* InfoPlist.strings */,
				227BB46218C6440F0029C48A /* WordsOnPictures-Prefix.pch */,
			);
			name = "Supporting Files";
			sourceTree = "<group>";
		};
		227BB46B18C64DDD0029C48A /* String Sources */ = {
			isa = PBXGroup;
			children = (
				227BB46C18C64DF50029C48A /* WPStringSource.h */,
				227BB47118C64F360029C48A /* WPUnixWordsStringSource.h */,
				227BB47218C64F360029C48A /* WPUnixWordsStringSource.m */,
				227BB47E18C73C770029C48A /* WPHorseEbooksStringSource.h */,
				227BB47F18C73C770029C48A /* WPHorseEbooksStringSource.m */,
				227BB48818C75ECC0029C48A /* WPPornSearchesStringSource.h */,
				227BB48918C75ECC0029C48A /* WPPornSearchesStringSource.m */,
			);
			name = "String Sources";
			sourceTree = "<group>";
		};
		227BB47518C6505D0029C48A /* Background Sources */ = {
			isa = PBXGroup;
			children = (
				227BB48718C753450029C48A /* WPBackgroundSource.h */,
				227BB48C18C765FC0029C48A /* WPWallbaseBackgroundSource.h */,
				227BB48D18C765FC0029C48A /* WPWallbaseBackgroundSource.m */,
			);
			name = "Background Sources";
			sourceTree = "<group>";
		};
/* End PBXGroup section */

/* Begin PBXHeadersBuildPhase section */
		227BB44D18C6440F0029C48A /* Headers */ = {
			isa = PBXHeadersBuildPhase;
			buildActionMask = 2147483647;
			files = (
				227BB48018C73C770029C48A /* WPHorseEbooksStringSource.h in Headers */,
				227BB48E18C765FC0029C48A /* WPWallbaseBackgroundSource.h in Headers */,
				227BB48A18C75ECC0029C48A /* WPPornSearchesStringSource.h in Headers */,
				227BB47318C64F360029C48A /* WPUnixWordsStringSource.h in Headers */,
			);
			runOnlyForDeploymentPostprocessing = 0;
		};
/* End PBXHeadersBuildPhase section */

/* Begin PBXNativeTarget section */
		227BB45018C6440F0029C48A /* WordsOnPictures */ = {
			isa = PBXNativeTarget;
			buildConfigurationList = 227BB46818C6440F0029C48A /* Build configuration list for PBXNativeTarget "WordsOnPictures" */;
			buildPhases = (
				5E42FF4CA8B84E548602B259 /* Check Pods Manifest.lock */,
				227BB44B18C6440F0029C48A /* Sources */,
				227BB44C18C6440F0029C48A /* Frameworks */,
				227BB44D18C6440F0029C48A /* Headers */,
				227BB44E18C6440F0029C48A /* Resources */,
				227BB44F18C6440F0029C48A /* Rez */,
				227BB47618C651350029C48A /* CopyFiles */,
				108DC0D0029C494083D0A4DE /* Copy Pods Resources */,
			);
			buildRules = (
			);
			dependencies = (
			);
			name = WordsOnPictures;
			productName = WordsOnPictures;
			productReference = 227BB45118C6440F0029C48A /* WordsOnPictures.saver */;
			productType = "com.apple.product-type.bundle";
		};
/* End PBXNativeTarget section */

/* Begin PBXProject section */
		227BB44718C6440F0029C48A /* Project object */ = {
			isa = PBXProject;
			attributes = {
				LastUpgradeCheck = 0500;
				ORGANIZATIONNAME = MacaroniCode;
			};
			buildConfigurationList = 227BB44A18C6440F0029C48A /* Build configuration list for PBXProject "WordsOnPictures" */;
			compatibilityVersion = "Xcode 3.2";
			developmentRegion = English;
			hasScannedForEncodings = 0;
			knownRegions = (
				en,
			);
			mainGroup = 227BB44618C6440F0029C48A;
			productRefGroup = 227BB45218C6440F0029C48A /* Products */;
			projectDirPath = "";
			projectRoot = "";
			targets = (
				227BB45018C6440F0029C48A /* WordsOnPictures */,
			);
		};
/* End PBXProject section */

/* Begin PBXResourcesBuildPhase section */
		227BB44E18C6440F0029C48A /* Resources */ = {
			isa = PBXResourcesBuildPhase;
			buildActionMask = 2147483647;
			files = (
				227BB46118C6440F0029C48A /* InfoPlist.strings in Resources */,
			);
			runOnlyForDeploymentPostprocessing = 0;
		};
/* End PBXResourcesBuildPhase section */

/* Begin PBXRezBuildPhase section */
		227BB44F18C6440F0029C48A /* Rez */ = {
			isa = PBXRezBuildPhase;
			buildActionMask = 2147483647;
			files = (
			);
			runOnlyForDeploymentPostprocessing = 0;
		};
/* End PBXRezBuildPhase section */

/* Begin PBXShellScriptBuildPhase section */
		108DC0D0029C494083D0A4DE /* Copy Pods Resources */ = {
			isa = PBXShellScriptBuildPhase;
			buildActionMask = 2147483647;
			files = (
			);
			inputPaths = (
			);
			name = "Copy Pods Resources";
			outputPaths = (
			);
			runOnlyForDeploymentPostprocessing = 0;
			shellPath = /bin/sh;
			shellScript = "\"${SRCROOT}/Pods/Pods-WordsOnPictures-resources.sh\"\n";
			showEnvVarsInLog = 0;
		};
		5E42FF4CA8B84E548602B259 /* Check Pods Manifest.lock */ = {
			isa = PBXShellScriptBuildPhase;
			buildActionMask = 2147483647;
			files = (
			);
			inputPaths = (
			);
			name = "Check Pods Manifest.lock";
			outputPaths = (
			);
			runOnlyForDeploymentPostprocessing = 0;
			shellPath = /bin/sh;
			shellScript = "diff \"${PODS_ROOT}/../Podfile.lock\" \"${PODS_ROOT}/Manifest.lock\" > /dev/null\nif [[ $? != 0 ]] ; then\n    cat << EOM\nerror: The sandbox is not in sync with the Podfile.lock. Run 'pod install' or update your CocoaPods installation.\nEOM\n    exit 1\nfi\n";
			showEnvVarsInLog = 0;
		};
/* End PBXShellScriptBuildPhase section */

/* Begin PBXSourcesBuildPhase section */
		227BB44B18C6440F0029C48A /* Sources */ = {
			isa = PBXSourcesBuildPhase;
			buildActionMask = 2147483647;
			files = (
				227BB46518C6440F0029C48A /* WordsOnPicturesView.m in Sources */,
				227BB48118C73C770029C48A /* WPHorseEbooksStringSource.m in Sources */,
				227BB48F18C765FC0029C48A /* WPWallbaseBackgroundSource.m in Sources */,
				227BB47418C64F360029C48A /* WPUnixWordsStringSource.m in Sources */,
				227BB48B18C75ECC0029C48A /* WPPornSearchesStringSource.m in Sources */,
				227BB47C18C692600029C48A /* util.m in Sources */,
			);
			runOnlyForDeploymentPostprocessing = 0;
		};
/* End PBXSourcesBuildPhase section */

/* Begin PBXVariantGroup section */
		227BB45F18C6440F0029C48A /* InfoPlist.strings */ = {
			isa = PBXVariantGroup;
			children = (
				227BB46018C6440F0029C48A /* en */,
			);
			name = InfoPlist.strings;
			sourceTree = "<group>";
		};
/* End PBXVariantGroup section */

/* Begin XCBuildConfiguration section */
		227BB46618C6440F0029C48A /* Debug */ = {
			isa = XCBuildConfiguration;
			buildSettings = {
				ALWAYS_SEARCH_USER_PATHS = NO;
				CLANG_CXX_LANGUAGE_STANDARD = "gnu++0x";
				CLANG_CXX_LIBRARY = "libc++";
				CLANG_ENABLE_OBJC_ARC = YES;
				CLANG_WARN_BOOL_CONVERSION = YES;
				CLANG_WARN_CONSTANT_CONVERSION = YES;
				CLANG_WARN_DIRECT_OBJC_ISA_USAGE = YES_ERROR;
				CLANG_WARN_EMPTY_BODY = YES;
				CLANG_WARN_ENUM_CONVERSION = YES;
				CLANG_WARN_INT_CONVERSION = YES;
				CLANG_WARN_OBJC_ROOT_CLASS = YES_ERROR;
				CLANG_WARN__DUPLICATE_METHOD_MATCH = YES;
				COPY_PHASE_STRIP = NO;
				GCC_C_LANGUAGE_STANDARD = gnu99;
				GCC_DYNAMIC_NO_PIC = NO;
				GCC_ENABLE_OBJC_EXCEPTIONS = YES;
				GCC_OPTIMIZATION_LEVEL = 0;
				GCC_PREPROCESSOR_DEFINITIONS = (
					"DEBUG=1",
					"$(inherited)",
				);
				GCC_SYMBOLS_PRIVATE_EXTERN = NO;
				GCC_WARN_64_TO_32_BIT_CONVERSION = YES;
				GCC_WARN_ABOUT_RETURN_TYPE = YES_ERROR;
				GCC_WARN_UNDECLARED_SELECTOR = YES;
				GCC_WARN_UNINITIALIZED_AUTOS = YES;
				GCC_WARN_UNUSED_FUNCTION = YES;
				GCC_WARN_UNUSED_VARIABLE = YES;
				MACOSX_DEPLOYMENT_TARGET = 10.9;
				ONLY_ACTIVE_ARCH = YES;
				SDKROOT = macosx;
			};
			name = Debug;
		};
		227BB46718C6440F0029C48A /* Release */ = {
			isa = XCBuildConfiguration;
			buildSettings = {
				ALWAYS_SEARCH_USER_PATHS = NO;
				CLANG_CXX_LANGUAGE_STANDARD = "gnu++0x";
				CLANG_CXX_LIBRARY = "libc++";
				CLANG_ENABLE_OBJC_ARC = YES;
				CLANG_WARN_BOOL_CONVERSION = YES;
				CLANG_WARN_CONSTANT_CONVERSION = YES;
				CLANG_WARN_DIRECT_OBJC_ISA_USAGE = YES_ERROR;
				CLANG_WARN_EMPTY_BODY = YES;
				CLANG_WARN_ENUM_CONVERSION = YES;
				CLANG_WARN_INT_CONVERSION = YES;
				CLANG_WARN_OBJC_ROOT_CLASS = YES_ERROR;
				CLANG_WARN__DUPLICATE_METHOD_MATCH = YES;
				COPY_PHASE_STRIP = YES;
				DEBUG_INFORMATION_FORMAT = "dwarf-with-dsym";
				ENABLE_NS_ASSERTIONS = NO;
				GCC_C_LANGUAGE_STANDARD = gnu99;
				GCC_ENABLE_OBJC_EXCEPTIONS = YES;
				GCC_WARN_64_TO_32_BIT_CONVERSION = YES;
				GCC_WARN_ABOUT_RETURN_TYPE = YES_ERROR;
				GCC_WARN_UNDECLARED_SELECTOR = YES;
				GCC_WARN_UNINITIALIZED_AUTOS = YES;
				GCC_WARN_UNUSED_FUNCTION = YES;
				GCC_WARN_UNUSED_VARIABLE = YES;
				MACOSX_DEPLOYMENT_TARGET = 10.9;
				SDKROOT = macosx;
			};
			name = Release;
		};
		227BB46918C6440F0029C48A /* Debug */ = {
			isa = XCBuildConfiguration;
			baseConfigurationReference = 0F11AF39511C4574A3ED8246 /* Pods-WordsOnPictures.xcconfig */;
			buildSettings = {
				COMBINE_HIDPI_IMAGES = YES;
				GCC_PRECOMPILE_PREFIX_HEADER = YES;
				GCC_PREFIX_HEADER = "WordsOnPictures/WordsOnPictures-Prefix.pch";
				INFOPLIST_FILE = "WordsOnPictures/WordsOnPictures-Info.plist";
				INSTALL_PATH = "$(HOME)/Library/Screen Savers";
				PRODUCT_NAME = "$(TARGET_NAME)";
				WRAPPER_EXTENSION = saver;
			};
			name = Debug;
		};
		227BB46A18C6440F0029C48A /* Release */ = {
			isa = XCBuildConfiguration;
			baseConfigurationReference = 0F11AF39511C4574A3ED8246 /* Pods-WordsOnPictures.xcconfig */;
			buildSettings = {
				COMBINE_HIDPI_IMAGES = YES;
				GCC_PRECOMPILE_PREFIX_HEADER = YES;
				GCC_PREFIX_HEADER = "WordsOnPictures/WordsOnPictures-Prefix.pch";
				INFOPLIST_FILE = "WordsOnPictures/WordsOnPictures-Info.plist";
				INSTALL_PATH = "$(HOME)/Library/Screen Savers";
				PRODUCT_NAME = "$(TARGET_NAME)";
				WRAPPER_EXTENSION = saver;
			};
			name = Release;
		};
/* End XCBuildConfiguration section */

/* Begin XCConfigurationList section */
		227BB44A18C6440F0029C48A /* Build configuration list for PBXProject "WordsOnPictures" */ = {
			isa = XCConfigurationList;
			buildConfigurations = (
				227BB46618C6440F0029C48A /* Debug */,
				227BB46718C6440F0029C48A /* Release */,
			);
			defaultConfigurationIsVisible = 0;
			defaultConfigurationName = Release;
		};
		227BB46818C6440F0029C48A /* Build configuration list for PBXNativeTarget "WordsOnPictures" */ = {
			isa = XCConfigurationList;
			buildConfigurations = (
				227BB46918C6440F0029C48A /* Debug */,
				227BB46A18C6440F0029C48A /* Release */,
			);
			defaultConfigurationIsVisible = 0;
			defaultConfigurationName = Release;
		};
/* End XCConfigurationList section */
	};
	rootObject = 227BB44718C6440F0029C48A /* Project object */;
}
